
Microsoft Visual Studio Solution File, Format Version 12.00
Project("{FAE04EC0-301F-11D3-BF4B-00C04F79EFBC}") = "SboxCllGui", "SboxCllGui.csproj", "{7E61A481-CFFE-4D89-AF1B-39BB6BFC7D90}"
EndProject
Global
	GlobalSection(SolutionConfigurationPlatforms) = preSolution
		Debug|Any CPU = Debug|Any CPU
		Release|Any CPU = Release|Any CPU
	EndGlobalSection
	GlobalSection(ProjectConfigurationPlatforms) = postSolution
		{7E61A481-CFFE-4D89-AF1B-39BB6BFC7D90}.Debug|Any CPU.ActiveCfg = Debug|Any CPU
		{7E61A481-CFFE-4D89-AF1B-39BB6BFC7D90}.Debug|Any CPU.Build.0 = Debug|Any CPU
		{7E61A481-CFFE-4D89-AF1B-39BB6BFC7D90}.Release|Any CPU.ActiveCfg = Release|Any CPU
		{7E61A481-CFFE-4D89-AF1B-39BB6BFC7D90}.Release|Any CPU.Build.0 = Release|Any CPU
	EndGlobalSection
EndGlobal
